
Microsoft Visual Studio Solution File, Format Version 12.00
# Visual Studio 15
VisualStudioVersion = 15.0.28307.572
MinimumVisualStudioVersion = 10.0.40219.1
Project("{8BC9CEB8-8B4A-11D0-8D11-00A0C91BC942}") = "Szkola programowania", "Szkola programowania\Szkola programowania.vcxproj", "{BA5D557F-753E-4C7E-A40B-C65739EFD376}"
EndProject
Global
	GlobalSection(SolutionConfigurationPlatforms) = preSolution
		Debug|x64 = Debug|x64
		Debug|x86 = Debug|x86
		Release|x64 = Release|x64
		Release|x86 = Release|x86
	EndGlobalSection
	GlobalSection(ProjectConfigurationPlatforms) = postSolution
		{BA5D557F-753E-4C7E-A40B-C65739EFD376}.Debug|x64.ActiveCfg = Debug|x64
		{BA5D557F-753E-4C7E-A40B-C65739EFD376}.Debug|x64.Build.0 = Debug|x64
		{BA5D557F-753E-4C7E-A40B-C65739EFD376}.Debug|x86.ActiveCfg = Debug|Win32
		{BA5D557F-753E-4C7E-A40B-C65739EFD376}.Debug|x86.Build.0 = Debug|Win32
		{BA5D557F-753E-4C7E-A40B-C65739EFD376}.Release|x64.ActiveCfg = Release|x64
		{BA5D557F-753E-4C7E-A40B-C65739EFD376}.Release|x64.Build.0 = Release|x64
		{BA5D557F-753E-4C7E-A40B-C65739EFD376}.Release|x86.ActiveCfg = Release|Win32
		{BA5D557F-753E-4C7E-A40B-C65739EFD376}.Release|x86.Build.0 = Release|Win32
	EndGlobalSection
	GlobalSection(SolutionProperties) = preSolution
		HideSolutionNode = FALSE
	EndGlobalSection
	GlobalSection(ExtensibilityGlobals) = postSolution
		SolutionGuid = {AF0788AC-763B-4CAD-9E70-AD04CBCA8AE0}
	EndGlobalSection
EndGlobal
