
Microsoft Visual Studio Solution File, Format Version 12.00
# Visual Studio 15
VisualStudioVersion = 15.0.28307.572
MinimumVisualStudioVersion = 10.0.40219.1
Project("{FAE04EC0-301F-11D3-BF4B-00C04F79EFBC}") = "WojciechWojtowiczLab2", "WojciechWojtowiczLab2\WojciechWojtowiczLab2.csproj", "{B69F07AF-A450-4425-8709-77AC8D4E697F}"
EndProject
Global
	GlobalSection(SolutionConfigurationPlatforms) = preSolution
		Debug|Any CPU = Debug|Any CPU
		Release|Any CPU = Release|Any CPU
	EndGlobalSection
	GlobalSection(ProjectConfigurationPlatforms) = postSolution
		{B69F07AF-A450-4425-8709-77AC8D4E697F}.Debug|Any CPU.ActiveCfg = Debug|Any CPU
		{B69F07AF-A450-4425-8709-77AC8D4E697F}.Debug|Any CPU.Build.0 = Debug|Any CPU
		{B69F07AF-A450-4425-8709-77AC8D4E697F}.Release|Any CPU.ActiveCfg = Release|Any CPU
		{B69F07AF-A450-4425-8709-77AC8D4E697F}.Release|Any CPU.Build.0 = Release|Any CPU
	EndGlobalSection
	GlobalSection(SolutionProperties) = preSolution
		HideSolutionNode = FALSE
	EndGlobalSection
	GlobalSection(ExtensibilityGlobals) = postSolution
		SolutionGuid = {E1999EB9-4FD7-4B67-AD0F-0BBC77210FC1}
	EndGlobalSection
EndGlobal
