
Microsoft Visual Studio Solution File, Format Version 12.00
# Visual Studio 15
VisualStudioVersion = 15.0.28307.572
MinimumVisualStudioVersion = 10.0.40219.1
Project("{FAE04EC0-301F-11D3-BF4B-00C04F79EFBC}") = "WindowsFormsApp3", "WindowsFormsApp3\WindowsFormsApp3.csproj", "{AFE6543D-F7A4-4252-AF0B-7F9D114E47FD}"
EndProject
Global
	GlobalSection(SolutionConfigurationPlatforms) = preSolution
		Debug|Any CPU = Debug|Any CPU
		Release|Any CPU = Release|Any CPU
	EndGlobalSection
	GlobalSection(ProjectConfigurationPlatforms) = postSolution
		{AFE6543D-F7A4-4252-AF0B-7F9D114E47FD}.Debug|Any CPU.ActiveCfg = Debug|Any CPU
		{AFE6543D-F7A4-4252-AF0B-7F9D114E47FD}.Debug|Any CPU.Build.0 = Debug|Any CPU
		{AFE6543D-F7A4-4252-AF0B-7F9D114E47FD}.Release|Any CPU.ActiveCfg = Release|Any CPU
		{AFE6543D-F7A4-4252-AF0B-7F9D114E47FD}.Release|Any CPU.Build.0 = Release|Any CPU
	EndGlobalSection
	GlobalSection(SolutionProperties) = preSolution
		HideSolutionNode = FALSE
	EndGlobalSection
	GlobalSection(ExtensibilityGlobals) = postSolution
		SolutionGuid = {97B22774-FB81-4A2F-9343-F7450B14C493}
	EndGlobalSection
EndGlobal
