
Microsoft Visual Studio Solution File, Format Version 12.00
# Visual Studio 15
VisualStudioVersion = 15.0.28307.572
MinimumVisualStudioVersion = 10.0.40219.1
Project("{FAE04EC0-301F-11D3-BF4B-00C04F79EFBC}") = "ConsoleApp1", "ConsoleApp1\ConsoleApp1.csproj", "{9B32BDE4-E0D1-4F10-B994-8AE85BBF0A26}"
EndProject
Global
	GlobalSection(SolutionConfigurationPlatforms) = preSolution
		Debug|Any CPU = Debug|Any CPU
		Release|Any CPU = Release|Any CPU
	EndGlobalSection
	GlobalSection(ProjectConfigurationPlatforms) = postSolution
		{9B32BDE4-E0D1-4F10-B994-8AE85BBF0A26}.Debug|Any CPU.ActiveCfg = Debug|Any CPU
		{9B32BDE4-E0D1-4F10-B994-8AE85BBF0A26}.Debug|Any CPU.Build.0 = Debug|Any CPU
		{9B32BDE4-E0D1-4F10-B994-8AE85BBF0A26}.Release|Any CPU.ActiveCfg = Release|Any CPU
		{9B32BDE4-E0D1-4F10-B994-8AE85BBF0A26}.Release|Any CPU.Build.0 = Release|Any CPU
	EndGlobalSection
	GlobalSection(SolutionProperties) = preSolution
		HideSolutionNode = FALSE
	EndGlobalSection
	GlobalSection(ExtensibilityGlobals) = postSolution
		SolutionGuid = {82C96F7F-879C-4BC0-926C-8963EDB8314A}
	EndGlobalSection
EndGlobal
