
Microsoft Visual Studio Solution File, Format Version 12.00
# Visual Studio Version 16
VisualStudioVersion = 16.0.29728.190
MinimumVisualStudioVersion = 10.0.40219.1
Project("{FAE04EC0-301F-11D3-BF4B-00C04F79EFBC}") = "WindowsFormsApp6", "WindowsFormsApp6\WindowsFormsApp6.csproj", "{C8659538-F842-4968-A542-E803D74B90C5}"
EndProject
Global
	GlobalSection(SolutionConfigurationPlatforms) = preSolution
		Debug|Any CPU = Debug|Any CPU
		Release|Any CPU = Release|Any CPU
	EndGlobalSection
	GlobalSection(ProjectConfigurationPlatforms) = postSolution
		{C8659538-F842-4968-A542-E803D74B90C5}.Debug|Any CPU.ActiveCfg = Debug|Any CPU
		{C8659538-F842-4968-A542-E803D74B90C5}.Debug|Any CPU.Build.0 = Debug|Any CPU
		{C8659538-F842-4968-A542-E803D74B90C5}.Release|Any CPU.ActiveCfg = Release|Any CPU
		{C8659538-F842-4968-A542-E803D74B90C5}.Release|Any CPU.Build.0 = Release|Any CPU
	EndGlobalSection
	GlobalSection(SolutionProperties) = preSolution
		HideSolutionNode = FALSE
	EndGlobalSection
	GlobalSection(ExtensibilityGlobals) = postSolution
		SolutionGuid = {873DEB59-1D6D-413A-B110-C1F589A5D487}
	EndGlobalSection
EndGlobal
