
Microsoft Visual Studio Solution File, Format Version 12.00
# Visual Studio 15
VisualStudioVersion = 15.0.28307.572
MinimumVisualStudioVersion = 10.0.40219.1
Project("{FAE04EC0-301F-11D3-BF4B-00C04F79EFBC}") = "ConsoleApp2", "ConsoleApp2\ConsoleApp2.csproj", "{DAB25A34-4BDA-4CD7-A643-A5256AD2380D}"
EndProject
Global
	GlobalSection(SolutionConfigurationPlatforms) = preSolution
		Debug|Any CPU = Debug|Any CPU
		Release|Any CPU = Release|Any CPU
	EndGlobalSection
	GlobalSection(ProjectConfigurationPlatforms) = postSolution
		{DAB25A34-4BDA-4CD7-A643-A5256AD2380D}.Debug|Any CPU.ActiveCfg = Debug|Any CPU
		{DAB25A34-4BDA-4CD7-A643-A5256AD2380D}.Debug|Any CPU.Build.0 = Debug|Any CPU
		{DAB25A34-4BDA-4CD7-A643-A5256AD2380D}.Release|Any CPU.ActiveCfg = Release|Any CPU
		{DAB25A34-4BDA-4CD7-A643-A5256AD2380D}.Release|Any CPU.Build.0 = Release|Any CPU
	EndGlobalSection
	GlobalSection(SolutionProperties) = preSolution
		HideSolutionNode = FALSE
	EndGlobalSection
	GlobalSection(ExtensibilityGlobals) = postSolution
		SolutionGuid = {8E4CF548-156F-464C-B087-694F935CB76D}
	EndGlobalSection
EndGlobal
