
Microsoft Visual Studio Solution File, Format Version 12.00
# Visual Studio 15
VisualStudioVersion = 15.0.28307.572
MinimumVisualStudioVersion = 10.0.40219.1
Project("{FAE04EC0-301F-11D3-BF4B-00C04F79EFBC}") = "WojciechWojtowiczLab6", "WojciechWojtowiczLab6\WojciechWojtowiczLab6.csproj", "{2E093B2D-9487-476F-B210-59305325DD79}"
EndProject
Global
	GlobalSection(SolutionConfigurationPlatforms) = preSolution
		Debug|Any CPU = Debug|Any CPU
		Release|Any CPU = Release|Any CPU
	EndGlobalSection
	GlobalSection(ProjectConfigurationPlatforms) = postSolution
		{2E093B2D-9487-476F-B210-59305325DD79}.Debug|Any CPU.ActiveCfg = Debug|Any CPU
		{2E093B2D-9487-476F-B210-59305325DD79}.Debug|Any CPU.Build.0 = Debug|Any CPU
		{2E093B2D-9487-476F-B210-59305325DD79}.Release|Any CPU.ActiveCfg = Release|Any CPU
		{2E093B2D-9487-476F-B210-59305325DD79}.Release|Any CPU.Build.0 = Release|Any CPU
	EndGlobalSection
	GlobalSection(SolutionProperties) = preSolution
		HideSolutionNode = FALSE
	EndGlobalSection
	GlobalSection(ExtensibilityGlobals) = postSolution
		SolutionGuid = {64A7244C-97C4-42BA-A191-9BEE936CC4AC}
	EndGlobalSection
EndGlobal
