
Microsoft Visual Studio Solution File, Format Version 12.00
# Visual Studio 15
VisualStudioVersion = 15.0.28307.572
MinimumVisualStudioVersion = 10.0.40219.1
Project("{FAE04EC0-301F-11D3-BF4B-00C04F79EFBC}") = "WojciechWojtowiczLab5", "WojciechWojtowiczLab5\WojciechWojtowiczLab5.csproj", "{274B4FC7-3557-4E0E-B3C9-64D38FB6B943}"
EndProject
Global
	GlobalSection(SolutionConfigurationPlatforms) = preSolution
		Debug|Any CPU = Debug|Any CPU
		Release|Any CPU = Release|Any CPU
	EndGlobalSection
	GlobalSection(ProjectConfigurationPlatforms) = postSolution
		{274B4FC7-3557-4E0E-B3C9-64D38FB6B943}.Debug|Any CPU.ActiveCfg = Debug|Any CPU
		{274B4FC7-3557-4E0E-B3C9-64D38FB6B943}.Debug|Any CPU.Build.0 = Debug|Any CPU
		{274B4FC7-3557-4E0E-B3C9-64D38FB6B943}.Release|Any CPU.ActiveCfg = Release|Any CPU
		{274B4FC7-3557-4E0E-B3C9-64D38FB6B943}.Release|Any CPU.Build.0 = Release|Any CPU
	EndGlobalSection
	GlobalSection(SolutionProperties) = preSolution
		HideSolutionNode = FALSE
	EndGlobalSection
	GlobalSection(ExtensibilityGlobals) = postSolution
		SolutionGuid = {6FB02389-0B01-4EC8-9AC0-9758424A1F8A}
	EndGlobalSection
EndGlobal
